{
    "name": "hello-world",
    "version": "0.0.1",
    "lockfileVersion": 3,
    "requires": true,
    "packages": {
        "": {
            "name": "hello-world",
            "version": "0.0.1",
            "license": "MIT",
            "devDependencies": {
                "@klave/sdk": "0.17.1",
                "as-base64": "0.2.0",
                "assemblyscript": "^0.27.31",
                "path-complete-extname": "1.0.0",
                "tslib": "^2.8.1",
                "visitor-as": "^0.11.4",
                "zod": "^3.23.8"
            }
        },
        "node_modules/@klave/as-json": {
            "version": "0.9.21",
            "resolved": "https://registry.npmjs.org/@klave/as-json/-/as-json-0.9.21.tgz",
            "integrity": "sha512-bdI6ixZF2u2YaYFCzl+iUJVMbQde9XNtlzl5TiHDPxA+LRNHPstqNtpkhZDg/2/igjmCoRAr/uKnJXMEysGuOA==",
            "dev": true,
            "license": "MIT",
            "dependencies": {
                "as-virtual": "^0.2.0"
            }
        },
        "node_modules/@klave/compiler": {
            "version": "1.0.6",
            "resolved": "https://registry.npmjs.org/@klave/compiler/-/compiler-1.0.6.tgz",
            "integrity": "sha512-1OtaVneF5FrahRjOjsI2A/Kegpz8RwtM4SMSt2BCuZY/5JY56uVyAQw2ZT2w3ZBTijBDXUqlz3Y8A4s5gQSOVA==",
            "dev": true,
            "license": "MIT",
            "dependencies": {
                "@klave/as-json": "0.9.21",
                "assemblyscript": "0.28.2",
                "serialize-error": "12.0.0",
                "typescript": "^5.8.3",
                "uuid": "^11.1.0"
            }
        },
        "node_modules/@klave/compiler/node_modules/assemblyscript": {
            "version": "0.28.2",
            "resolved": "https://registry.npmjs.org/assemblyscript/-/assemblyscript-0.28.2.tgz",
            "integrity": "sha512-0j6kQdfKqRgmkY9zIzpFVcsLW8lMZ61pIZmmXJNiJeN2rvaHCCBSzHOoFNBh2jlvQNijY2/uxuufnSQma8HmFQ==",
            "dev": true,
            "license": "Apache-2.0",
            "dependencies": {
                "binaryen": "123.0.0-nightly.20250530",
                "long": "^5.2.4"
            },
            "bin": {
                "asc": "bin/asc.js",
                "asinit": "bin/asinit.js"
            },
            "engines": {
                "node": ">=20",
                "npm": ">=10"
            },
            "funding": {
                "type": "opencollective",
                "url": "https://opencollective.com/assemblyscript"
            }
        },
        "node_modules/@klave/compiler/node_modules/binaryen": {
            "version": "123.0.0-nightly.20250530",
            "resolved": "https://registry.npmjs.org/binaryen/-/binaryen-123.0.0-nightly.20250530.tgz",
            "integrity": "sha512-d1zPHBN5YlOd3Ff+OUxvVExuFeh8heSnqe+X3bjItFxGLvn4VGBKmrvv7pgy/cRhrIUGuPW138iaWfDhwjyDqg==",
            "dev": true,
            "license": "Apache-2.0",
            "bin": {
                "wasm-as": "bin/wasm-as",
                "wasm-ctor-eval": "bin/wasm-ctor-eval",
                "wasm-dis": "bin/wasm-dis",
                "wasm-merge": "bin/wasm-merge",
                "wasm-metadce": "bin/wasm-metadce",
                "wasm-opt": "bin/wasm-opt",
                "wasm-reduce": "bin/wasm-reduce",
                "wasm-shell": "bin/wasm-shell",
                "wasm2js": "bin/wasm2js"
            }
        },
        "node_modules/@klave/sdk": {
            "version": "0.17.1",
            "resolved": "https://registry.npmjs.org/@klave/sdk/-/sdk-0.17.1.tgz",
            "integrity": "sha512-/HSeiu3t/XVlJ6rrm8sYKTA7gPGWhCsGC0UDyFPweoPwx8FmCVdqDUoJMtronb3lT8Vwk+mJXKgwpQe8r9wWqw==",
            "dev": true,
            "license": "MIT",
            "dependencies": {
                "@klave/as-json": "0.9.21",
                "@klave/compiler": "1.0.6",
                "as-base64": "0.2.0",
                "chalk": "^4.1.2",
                "fs-extra": "^11.3.0",
                "path-complete-extname": "1.0.0",
                "zod": "^3.25.64"
            },
            "bin": {
                "stac": "bin/stac.js"
            }
        },
        "node_modules/ansi-styles": {
            "version": "4.3.0",
            "resolved": "https://registry.npmjs.org/ansi-styles/-/ansi-styles-4.3.0.tgz",
            "integrity": "sha512-zbB9rCJAT1rbjiVDb2hqKFHNYLxgtk8NURxZ3IZwD3F6NtxbXZQCnnSi1Lkx+IDohdPlFp222wVALIheZJQSEg==",
            "dev": true,
            "license": "MIT",
            "dependencies": {
                "color-convert": "^2.0.1"
            },
            "engines": {
                "node": ">=8"
            },
            "funding": {
                "url": "https://github.com/chalk/ansi-styles?sponsor=1"
            }
        },
        "node_modules/as-base64": {
            "version": "0.2.0",
            "resolved": "https://registry.npmjs.org/as-base64/-/as-base64-0.2.0.tgz",
            "integrity": "sha512-j6JxprAVN4SXUcZiSChuMBf0JJOCdh5OfrHAepluxmFWuDZZm+YjmfNSk8djUHRPEB+Ui5HGvrz46GLvTJf3ig==",
            "dev": true,
            "license": "MIT"
        },
        "node_modules/as-virtual": {
            "version": "0.2.0",
            "resolved": "https://registry.npmjs.org/as-virtual/-/as-virtual-0.2.0.tgz",
            "integrity": "sha512-zI+8VwD6BPUtXrxs4R7v2N+59OAIBRwiiv9nGIMwcQ/w/lspyaualMqM7yok3jMRglKqLkfOx+dCJimeflEJcA==",
            "dev": true,
            "license": "MIT"
        },
        "node_modules/assemblyscript": {
            "version": "0.27.37",
            "resolved": "https://registry.npmjs.org/assemblyscript/-/assemblyscript-0.27.37.tgz",
            "integrity": "sha512-YtY5k3PiV3SyUQ6gRlR2OCn8dcVRwkpiG/k2T5buoL2ymH/Z/YbaYWbk/f9mO2HTgEtGWjPiAQrIuvA7G/63Gg==",
            "dev": true,
            "license": "Apache-2.0",
            "dependencies": {
                "binaryen": "116.0.0-nightly.20240114",
                "long": "^5.2.4"
            },
            "bin": {
                "asc": "bin/asc.js",
                "asinit": "bin/asinit.js"
            },
            "engines": {
                "node": ">=18",
                "npm": ">=10"
            },
            "funding": {
                "type": "opencollective",
                "url": "https://opencollective.com/assemblyscript"
            }
        },
        "node_modules/binaryen": {
            "version": "116.0.0-nightly.20240114",
            "resolved": "https://registry.npmjs.org/binaryen/-/binaryen-116.0.0-nightly.20240114.tgz",
            "integrity": "sha512-0GZrojJnuhoe+hiwji7QFaL3tBlJoA+KFUN7ouYSDGZLSo9CKM8swQX8n/UcbR0d1VuZKU+nhogNzv423JEu5A==",
            "dev": true,
            "license": "Apache-2.0",
            "bin": {
                "wasm-opt": "bin/wasm-opt",
                "wasm2js": "bin/wasm2js"
            }
        },
        "node_modules/chalk": {
            "version": "4.1.2",
            "resolved": "https://registry.npmjs.org/chalk/-/chalk-4.1.2.tgz",
            "integrity": "sha512-oKnbhFyRIXpUuez8iBMmyEa4nbj4IOQyuhc/wy9kY7/WVPcwIO9VA668Pu8RkO7+0G76SLROeyw9CpQ061i4mA==",
            "dev": true,
            "license": "MIT",
            "dependencies": {
                "ansi-styles": "^4.1.0",
                "supports-color": "^7.1.0"
            },
            "engines": {
                "node": ">=10"
            },
            "funding": {
                "url": "https://github.com/chalk/chalk?sponsor=1"
            }
        },
        "node_modules/color-convert": {
            "version": "2.0.1",
            "resolved": "https://registry.npmjs.org/color-convert/-/color-convert-2.0.1.tgz",
            "integrity": "sha512-RRECPsj7iu/xb5oKYcsFHSppFNnsj/52OVTRKb4zP5onXwVF3zVmmToNcOfGC+CRDpfK/U584fMg38ZHCaElKQ==",
            "dev": true,
            "license": "MIT",
            "dependencies": {
                "color-name": "~1.1.4"
            },
            "engines": {
                "node": ">=7.0.0"
            }
        },
        "node_modules/color-name": {
            "version": "1.1.4",
            "resolved": "https://registry.npmjs.org/color-name/-/color-name-1.1.4.tgz",
            "integrity": "sha512-dOy+3AuW3a2wNbZHIuMZpTcgjGuLU/uBL/ubcZF9OXbDo8ff4O8yVp5Bf0efS8uEoYo5q4Fx7dY9OgQGXgAsQA==",
            "dev": true,
            "license": "MIT"
        },
        "node_modules/fs-extra": {
            "version": "11.3.0",
            "resolved": "https://registry.npmjs.org/fs-extra/-/fs-extra-11.3.0.tgz",
            "integrity": "sha512-Z4XaCL6dUDHfP/jT25jJKMmtxvuwbkrD1vNSMFlo9lNLY2c5FHYSQgHPRZUjAB26TpDEoW9HCOgplrdbaPV/ew==",
            "dev": true,
            "license": "MIT",
            "dependencies": {
                "graceful-fs": "^4.2.0",
                "jsonfile": "^6.0.1",
                "universalify": "^2.0.0"
            },
            "engines": {
                "node": ">=14.14"
            }
        },
        "node_modules/graceful-fs": {
            "version": "4.2.11",
            "resolved": "https://registry.npmjs.org/graceful-fs/-/graceful-fs-4.2.11.tgz",
            "integrity": "sha512-RbJ5/jmFcNNCcDV5o9eTnBLJ/HszWV0P73bc+Ff4nS/rJj+YaS6IGyiOL0VoBYX+l1Wrl3k63h/KrH+nhJ0XvQ==",
            "dev": true,
            "license": "ISC"
        },
        "node_modules/has-flag": {
            "version": "4.0.0",
            "resolved": "https://registry.npmjs.org/has-flag/-/has-flag-4.0.0.tgz",
            "integrity": "sha512-EykJT/Q1KjTWctppgIAgfSO0tKVuZUjhgMr17kqTumMl6Afv3EISleU7qZUzoXDFTAHTDC4NOoG/ZxU3EvlMPQ==",
            "dev": true,
            "license": "MIT",
            "engines": {
                "node": ">=8"
            }
        },
        "node_modules/jsonfile": {
            "version": "6.1.0",
            "resolved": "https://registry.npmjs.org/jsonfile/-/jsonfile-6.1.0.tgz",
            "integrity": "sha512-5dgndWOriYSm5cnYaJNhalLNDKOqFwyDB/rr1E9ZsGciGvKPs8R2xYGCacuf3z6K1YKDz182fd+fY3cn3pMqXQ==",
            "dev": true,
            "license": "MIT",
            "dependencies": {
                "universalify": "^2.0.0"
            },
            "optionalDependencies": {
                "graceful-fs": "^4.1.6"
            }
        },
        "node_modules/lodash.clonedeep": {
            "version": "4.5.0",
            "resolved": "https://registry.npmjs.org/lodash.clonedeep/-/lodash.clonedeep-4.5.0.tgz",
            "integrity": "sha512-H5ZhCF25riFd9uB5UCkVKo61m3S/xZk1x4wA6yp/L3RFP6Z/eHH1ymQcGLo7J3GMPfm0V/7m1tryHuGVxpqEBQ==",
            "dev": true,
            "license": "MIT"
        },
        "node_modules/long": {
            "version": "5.3.2",
            "resolved": "https://registry.npmjs.org/long/-/long-5.3.2.tgz",
            "integrity": "sha512-mNAgZ1GmyNhD7AuqnTG3/VQ26o760+ZYBPKjPvugO8+nLbYfX6TVpJPseBvopbdY+qpZ/lKUnmEc1LeZYS3QAA==",
            "dev": true,
            "license": "Apache-2.0"
        },
        "node_modules/path-complete-extname": {
            "version": "1.0.0",
            "resolved": "https://registry.npmjs.org/path-complete-extname/-/path-complete-extname-1.0.0.tgz",
            "integrity": "sha512-CVjiWcMRdGU8ubs08YQVzhutOR5DEfO97ipRIlOGMK5Bek5nQySknBpuxVAVJ36hseTNs+vdIcv57ZrWxH7zvg==",
            "dev": true
        },
        "node_modules/serialize-error": {
            "version": "12.0.0",
            "resolved": "https://registry.npmjs.org/serialize-error/-/serialize-error-12.0.0.tgz",
            "integrity": "sha512-ZYkZLAvKTKQXWuh5XpBw7CdbSzagarX39WyZ2H07CDLC5/KfsRGlIXV8d4+tfqX1M7916mRqR1QfNHSij+c9Pw==",
            "dev": true,
            "license": "MIT",
            "dependencies": {
                "type-fest": "^4.31.0"
            },
            "engines": {
                "node": ">=18"
            },
            "funding": {
                "url": "https://github.com/sponsors/sindresorhus"
            }
        },
        "node_modules/supports-color": {
            "version": "7.2.0",
            "resolved": "https://registry.npmjs.org/supports-color/-/supports-color-7.2.0.tgz",
            "integrity": "sha512-qpCAvRl9stuOHveKsn7HncJRvv501qIacKzQlO/+Lwxc9+0q2wLyv4Dfvt80/DPn2pqOBsJdDiogXGR9+OvwRw==",
            "dev": true,
            "license": "MIT",
            "dependencies": {
                "has-flag": "^4.0.0"
            },
            "engines": {
                "node": ">=8"
            }
        },
        "node_modules/ts-mixer": {
            "version": "6.0.4",
            "resolved": "https://registry.npmjs.org/ts-mixer/-/ts-mixer-6.0.4.tgz",
            "integrity": "sha512-ufKpbmrugz5Aou4wcr5Wc1UUFWOLhq+Fm6qa6P0w0K5Qw2yhaUoiWszhCVuNQyNwrlGiscHOmqYoAox1PtvgjA==",
            "dev": true,
            "license": "MIT"
        },
        "node_modules/tslib": {
            "version": "2.8.1",
            "resolved": "https://registry.npmjs.org/tslib/-/tslib-2.8.1.tgz",
            "integrity": "sha512-oJFu94HQb+KVduSUQL7wnpmqnfmLsOA/nAh6b6EH0wCEoK0/mPeXU6c3wKDV83MkOuHPRHtSXKKU99IBazS/2w==",
            "dev": true,
            "license": "0BSD"
        },
        "node_modules/type-fest": {
            "version": "4.41.0",
            "resolved": "https://registry.npmjs.org/type-fest/-/type-fest-4.41.0.tgz",
            "integrity": "sha512-TeTSQ6H5YHvpqVwBRcnLDCBnDOHWYu7IvGbHT6N8AOymcr9PJGjc1GTtiWZTYg0NCgYwvnYWEkVChQAr9bjfwA==",
            "dev": true,
            "license": "(MIT OR CC0-1.0)",
            "engines": {
                "node": ">=16"
            },
            "funding": {
                "url": "https://github.com/sponsors/sindresorhus"
            }
        },
        "node_modules/typescript": {
            "version": "5.8.3",
            "resolved": "https://registry.npmjs.org/typescript/-/typescript-5.8.3.tgz",
            "integrity": "sha512-p1diW6TqL9L07nNxvRMM7hMMw4c5XOo/1ibL4aAIGmSAt9slTE1Xgw5KWuof2uTOvCg9BY7ZRi+GaF+7sfgPeQ==",
            "dev": true,
            "license": "Apache-2.0",
            "bin": {
                "tsc": "bin/tsc",
                "tsserver": "bin/tsserver"
            },
            "engines": {
                "node": ">=14.17"
            }
        },
        "node_modules/universalify": {
            "version": "2.0.1",
            "resolved": "https://registry.npmjs.org/universalify/-/universalify-2.0.1.tgz",
            "integrity": "sha512-gptHNQghINnc/vTGIk0SOFGFNXw7JVrlRUtConJRlvaw6DuX0wO5Jeko9sWrMBhh+PsYAZ7oXAiOnf/UKogyiw==",
            "dev": true,
            "license": "MIT",
            "engines": {
                "node": ">= 10.0.0"
            }
        },
        "node_modules/uuid": {
            "version": "11.1.0",
            "resolved": "https://registry.npmjs.org/uuid/-/uuid-11.1.0.tgz",
            "integrity": "sha512-0/A9rDy9P7cJ+8w1c9WD9V//9Wj15Ce2MPz8Ri6032usz+NfePxx5AcN3bN+r6ZL6jEo066/yNYB3tn4pQEx+A==",
            "dev": true,
            "funding": [
                "https://github.com/sponsors/broofa",
                "https://github.com/sponsors/ctavan"
            ],
            "license": "MIT",
            "bin": {
                "uuid": "dist/esm/bin/uuid"
            }
        },
        "node_modules/visitor-as": {
            "version": "0.11.4",
            "resolved": "https://registry.npmjs.org/visitor-as/-/visitor-as-0.11.4.tgz",
            "integrity": "sha512-uih7AooY2V3LhzobjLqyEQzhYYBGeq0y/rZk295foM1Ko498f24NNXBDyM1SgzcLMFCAT/fpmSRco1BpTIdKNQ==",
            "dev": true,
            "license": "MIT",
            "dependencies": {
                "lodash.clonedeep": "^4.5.0",
                "ts-mixer": "^6.0.2"
            },
            "peerDependencies": {
                "assemblyscript": "^0.25.0"
            }
        },
        "node_modules/zod": {
            "version": "3.25.64",
            "resolved": "https://registry.npmjs.org/zod/-/zod-3.25.64.tgz",
            "integrity": "sha512-hbP9FpSZf7pkS7hRVUrOjhwKJNyampPgtXKc3AN6DsWtoHsg2Sb4SQaS4Tcay380zSwd2VPo9G9180emBACp5g==",
            "dev": true,
            "license": "MIT",
            "funding": {
                "url": "https://github.com/sponsors/colinhacks"
            }
        }
    }
}
